
Microsoft Visual Studio Solution File, Format Version 12.00
# Visual Studio Version 16
VisualStudioVersion = 16.0.30523.141
MinimumVisualStudioVersion = 10.0.40219.1
Project("{8BC9CEB8-8B4A-11D0-8D11-00A0C91BC942}") = "Balls", "Balls\Balls.vcxproj", "{EEC8C1F8-229F-4576-A292-BA790C48A28F}"
EndProject
Project("{8BC9CEB8-8B4A-11D0-8D11-00A0C91BC942}") = "Spiners1", "Spiners1\Spiners1.vcxproj", "{DBF89E49-0F3C-4AE5-97A2-0D79FEE86313}"
EndProject
Project("{8BC9CEB8-8B4A-11D0-8D11-00A0C91BC942}") = "Spiners2", "Spiners2\Spiners2.vcxproj", "{B1187557-43E1-4544-A49E-49A2384875AE}"
EndProject
Project("{8BC9CEB8-8B4A-11D0-8D11-00A0C91BC942}") = "NoSpiners", "NoSpiners\NoSpiners.vcxproj", "{D047F2E8-32FA-48AC-B732-BB469D1A02F3}"
EndProject
Project("{8BC9CEB8-8B4A-11D0-8D11-00A0C91BC942}") = "Train", "Train\Train.vcxproj", "{274A2C4D-12E6-4603-9162-B97C370B197A}"
EndProject
Project("{8BC9CEB8-8B4A-11D0-8D11-00A0C91BC942}") = "SinInWinH", "SinInWinH\SinInWinH.vcxproj", "{18BB8A98-57F4-40D3-BCB0-72A34B4AB5FC}"
EndProject
Project("{8BC9CEB8-8B4A-11D0-8D11-00A0C91BC942}") = "Cinema", "Cinema\Cinema.vcxproj", "{1CD9D08C-A477-4421-8A15-BF9E0F3F50C2}"
EndProject
Project("{8BC9CEB8-8B4A-11D0-8D11-00A0C91BC942}") = "BucketSort", "BucketSort\BucketSort.vcxproj", "{E84649E9-D8FC-416B-AC7F-489A8FD2F465}"
EndProject
Project("{8BC9CEB8-8B4A-11D0-8D11-00A0C91BC942}") = "TextFileHandling", "TextFileHandling\TextFileHandling.vcxproj", "{20B6C135-9F5A-4B30-97D0-574ECA561E05}"
EndProject
Global
	GlobalSection(SolutionConfigurationPlatforms) = preSolution
		Debug|x64 = Debug|x64
		Debug|x86 = Debug|x86
		Release|x64 = Release|x64
		Release|x86 = Release|x86
	EndGlobalSection
	GlobalSection(ProjectConfigurationPlatforms) = postSolution
		{EEC8C1F8-229F-4576-A292-BA790C48A28F}.Debug|x64.ActiveCfg = Debug|x64
		{EEC8C1F8-229F-4576-A292-BA790C48A28F}.Debug|x64.Build.0 = Debug|x64
		{EEC8C1F8-229F-4576-A292-BA790C48A28F}.Debug|x86.ActiveCfg = Debug|Win32
		{EEC8C1F8-229F-4576-A292-BA790C48A28F}.Debug|x86.Build.0 = Debug|Win32
		{EEC8C1F8-229F-4576-A292-BA790C48A28F}.Release|x64.ActiveCfg = Release|x64
		{EEC8C1F8-229F-4576-A292-BA790C48A28F}.Release|x64.Build.0 = Release|x64
		{EEC8C1F8-229F-4576-A292-BA790C48A28F}.Release|x86.ActiveCfg = Release|Win32
		{EEC8C1F8-229F-4576-A292-BA790C48A28F}.Release|x86.Build.0 = Release|Win32
		{DBF89E49-0F3C-4AE5-97A2-0D79FEE86313}.Debug|x64.ActiveCfg = Debug|x64
		{DBF89E49-0F3C-4AE5-97A2-0D79FEE86313}.Debug|x64.Build.0 = Debug|x64
		{DBF89E49-0F3C-4AE5-97A2-0D79FEE86313}.Debug|x86.ActiveCfg = Debug|Win32
		{DBF89E49-0F3C-4AE5-97A2-0D79FEE86313}.Debug|x86.Build.0 = Debug|Win32
		{DBF89E49-0F3C-4AE5-97A2-0D79FEE86313}.Release|x64.ActiveCfg = Release|x64
		{DBF89E49-0F3C-4AE5-97A2-0D79FEE86313}.Release|x64.Build.0 = Release|x64
		{DBF89E49-0F3C-4AE5-97A2-0D79FEE86313}.Release|x86.ActiveCfg = Release|Win32
		{DBF89E49-0F3C-4AE5-97A2-0D79FEE86313}.Release|x86.Build.0 = Release|Win32
		{B1187557-43E1-4544-A49E-49A2384875AE}.Debug|x64.ActiveCfg = Debug|x64
		{B1187557-43E1-4544-A49E-49A2384875AE}.Debug|x64.Build.0 = Debug|x64
		{B1187557-43E1-4544-A49E-49A2384875AE}.Debug|x86.ActiveCfg = Debug|Win32
		{B1187557-43E1-4544-A49E-49A2384875AE}.Debug|x86.Build.0 = Debug|Win32
		{B1187557-43E1-4544-A49E-49A2384875AE}.Release|x64.ActiveCfg = Release|x64
		{B1187557-43E1-4544-A49E-49A2384875AE}.Release|x64.Build.0 = Release|x64
		{B1187557-43E1-4544-A49E-49A2384875AE}.Release|x86.ActiveCfg = Release|Win32
		{B1187557-43E1-4544-A49E-49A2384875AE}.Release|x86.Build.0 = Release|Win32
		{D047F2E8-32FA-48AC-B732-BB469D1A02F3}.Debug|x64.ActiveCfg = Debug|x64
		{D047F2E8-32FA-48AC-B732-BB469D1A02F3}.Debug|x64.Build.0 = Debug|x64
		{D047F2E8-32FA-48AC-B732-BB469D1A02F3}.Debug|x86.ActiveCfg = Debug|Win32
		{D047F2E8-32FA-48AC-B732-BB469D1A02F3}.Debug|x86.Build.0 = Debug|Win32
		{D047F2E8-32FA-48AC-B732-BB469D1A02F3}.Release|x64.ActiveCfg = Release|x64
		{D047F2E8-32FA-48AC-B732-BB469D1A02F3}.Release|x64.Build.0 = Release|x64
		{D047F2E8-32FA-48AC-B732-BB469D1A02F3}.Release|x86.ActiveCfg = Release|Win32
		{D047F2E8-32FA-48AC-B732-BB469D1A02F3}.Release|x86.Build.0 = Release|Win32
		{274A2C4D-12E6-4603-9162-B97C370B197A}.Debug|x64.ActiveCfg = Debug|x64
		{274A2C4D-12E6-4603-9162-B97C370B197A}.Debug|x64.Build.0 = Debug|x64
		{274A2C4D-12E6-4603-9162-B97C370B197A}.Debug|x86.ActiveCfg = Debug|Win32
		{274A2C4D-12E6-4603-9162-B97C370B197A}.Debug|x86.Build.0 = Debug|Win32
		{274A2C4D-12E6-4603-9162-B97C370B197A}.Release|x64.ActiveCfg = Release|x64
		{274A2C4D-12E6-4603-9162-B97C370B197A}.Release|x64.Build.0 = Release|x64
		{274A2C4D-12E6-4603-9162-B97C370B197A}.Release|x86.ActiveCfg = Release|Win32
		{274A2C4D-12E6-4603-9162-B97C370B197A}.Release|x86.Build.0 = Release|Win32
		{18BB8A98-57F4-40D3-BCB0-72A34B4AB5FC}.Debug|x64.ActiveCfg = Debug|x64
		{18BB8A98-57F4-40D3-BCB0-72A34B4AB5FC}.Debug|x64.Build.0 = Debug|x64
		{18BB8A98-57F4-40D3-BCB0-72A34B4AB5FC}.Debug|x86.ActiveCfg = Debug|Win32
		{18BB8A98-57F4-40D3-BCB0-72A34B4AB5FC}.Debug|x86.Build.0 = Debug|Win32
		{18BB8A98-57F4-40D3-BCB0-72A34B4AB5FC}.Release|x64.ActiveCfg = Release|x64
		{18BB8A98-57F4-40D3-BCB0-72A34B4AB5FC}.Release|x64.Build.0 = Release|x64
		{18BB8A98-57F4-40D3-BCB0-72A34B4AB5FC}.Release|x86.ActiveCfg = Release|Win32
		{18BB8A98-57F4-40D3-BCB0-72A34B4AB5FC}.Release|x86.Build.0 = Release|Win32
		{1CD9D08C-A477-4421-8A15-BF9E0F3F50C2}.Debug|x64.ActiveCfg = Debug|x64
		{1CD9D08C-A477-4421-8A15-BF9E0F3F50C2}.Debug|x64.Build.0 = Debug|x64
		{1CD9D08C-A477-4421-8A15-BF9E0F3F50C2}.Debug|x86.ActiveCfg = Debug|Win32
		{1CD9D08C-A477-4421-8A15-BF9E0F3F50C2}.Debug|x86.Build.0 = Debug|Win32
		{1CD9D08C-A477-4421-8A15-BF9E0F3F50C2}.Release|x64.ActiveCfg = Release|x64
		{1CD9D08C-A477-4421-8A15-BF9E0F3F50C2}.Release|x64.Build.0 = Release|x64
		{1CD9D08C-A477-4421-8A15-BF9E0F3F50C2}.Release|x86.ActiveCfg = Release|Win32
		{1CD9D08C-A477-4421-8A15-BF9E0F3F50C2}.Release|x86.Build.0 = Release|Win32
	EndGlobalSection
	GlobalSection(SolutionProperties) = preSolution
		HideSolutionNode = FALSE
	EndGlobalSection
	GlobalSection(ExtensibilityGlobals) = postSolution
		SolutionGuid = {3710EC05-9429-413A-AE72-C55476E61C85}
	EndGlobalSection
EndGlobal
